// !$*UTF8*$!
{
	archiveVersion = 1;
	classes = {
	};
	objectVersion = 50;
	objects = {

/* Begin PBXBuildFile section */
		8450F5BA22D8BA7800A15011 /* AppDelegate.swift in Sources */ = {isa = PBXBuildFile; fileRef = 8450F5B922D8BA7800A15011 /* AppDelegate.swift */; };
		8450F5BC22D8BA7800A15011 /* ViewController.swift in Sources */ = {isa = PBXBuildFile; fileRef = 8450F5BB22D8BA7800A15011 /* ViewController.swift */; };
		8450F5BF22D8BA7800A15011 /* Main.storyboard in Resources */ = {isa = PBXBuildFile; fileRef = 8450F5BD22D8BA7800A15011 /* Main.storyboard */; };
		8450F5C122D8BA7A00A15011 /* Assets.xcassets in Resources */ = {isa = PBXBuildFile; fileRef = 8450F5C022D8BA7A00A15011 /* Assets.xcassets */; };
		8450F5C422D8BA7A00A15011 /* LaunchScreen.storyboard in Resources */ = {isa = PBXBuildFile; fileRef = 8450F5C222D8BA7A00A15011 /* LaunchScreen.storyboard */; };
		8450F5ED22DA3E6400A15011 /* User.swift in Sources */ = {isa = PBXBuildFile; fileRef = 8450F5EC22DA3E6400A15011 /* User.swift */; };
		8450F5F022DA432E00A15011 /* NetworkManager.swift in Sources */ = {isa = PBXBuildFile; fileRef = 8450F5EF22DA432E00A15011 /* NetworkManager.swift */; };
		8450F5F222DA50CE00A15011 /* CollectionViewCell.swift in Sources */ = {isa = PBXBuildFile; fileRef = 8450F5F122DA50CE00A15011 /* CollectionViewCell.swift */; };
		C6D9DA279E74ACB968A85D98 /* Pods_GitHubUsers.framework in Frameworks */ = {isa = PBXBuildFile; fileRef = 773F8CBB2A2D1798CB89795F /* Pods_GitHubUsers.framework */; };
/* End PBXBuildFile section */

/* Begin PBXFileReference section */
		57EECAFF4D97ABD21A2A0758 /* Pods-GitHubUsers.release.xcconfig */ = {isa = PBXFileReference; includeInIndex = 1; lastKnownFileType = text.xcconfig; name = "Pods-GitHubUsers.release.xcconfig"; path = "Pods/Target Support Files/Pods-GitHubUsers/Pods-GitHubUsers.release.xcconfig"; sourceTree = "<group>"; };
		773F8CBB2A2D1798CB89795F /* Pods_GitHubUsers.framework */ = {isa = PBXFileReference; explicitFileType = wrapper.framework; includeInIndex = 0; path = Pods_GitHubUsers.framework; sourceTree = BUILT_PRODUCTS_DIR; };
		8450F5B622D8BA7800A15011 /* GitHubUsers.app */ = {isa = PBXFileReference; explicitFileType = wrapper.application; includeInIndex = 0; path = GitHubUsers.app; sourceTree = BUILT_PRODUCTS_DIR; };
		8450F5B922D8BA7800A15011 /* AppDelegate.swift */ = {isa = PBXFileReference; lastKnownFileType = sourcecode.swift; path = AppDelegate.swift; sourceTree = "<group>"; };
		8450F5BB22D8BA7800A15011 /* ViewController.swift */ = {isa = PBXFileReference; lastKnownFileType = sourcecode.swift; path = ViewController.swift; sourceTree = "<group>"; };
		8450F5BE22D8BA7800A15011 /* Base */ = {isa = PBXFileReference; lastKnownFileType = file.storyboard; name = Base; path = Base.lproj/Main.storyboard; sourceTree = "<group>"; };
		8450F5C022D8BA7A00A15011 /* Assets.xcassets */ = {isa = PBXFileReference; lastKnownFileType = folder.assetcatalog; path = Assets.xcassets; sourceTree = "<group>"; };
		8450F5C322D8BA7A00A15011 /* Base */ = {isa = PBXFileReference; lastKnownFileType = file.storyboard; name = Base; path = Base.lproj/LaunchScreen.storyboard; sourceTree = "<group>"; };
		8450F5C522D8BA7A00A15011 /* Info.plist */ = {isa = PBXFileReference; lastKnownFileType = text.plist.xml; path = Info.plist; sourceTree = "<group>"; };
		8450F5EC22DA3E6400A15011 /* User.swift */ = {isa = PBXFileReference; lastKnownFileType = sourcecode.swift; path = User.swift; sourceTree = "<group>"; };
		8450F5EF22DA432E00A15011 /* NetworkManager.swift */ = {isa = PBXFileReference; lastKnownFileType = sourcecode.swift; path = NetworkManager.swift; sourceTree = "<group>"; };
		8450F5F122DA50CE00A15011 /* CollectionViewCell.swift */ = {isa = PBXFileReference; lastKnownFileType = sourcecode.swift; path = CollectionViewCell.swift; sourceTree = "<group>"; };
		A8A5841BCFAD6CDB401EC25C /* Pods-GitHubUsers.debug.xcconfig */ = {isa = PBXFileReference; includeInIndex = 1; lastKnownFileType = text.xcconfig; name = "Pods-GitHubUsers.debug.xcconfig"; path = "Pods/Target Support Files/Pods-GitHubUsers/Pods-GitHubUsers.debug.xcconfig"; sourceTree = "<group>"; };
/* End PBXFileReference section */

/* Begin PBXFrameworksBuildPhase section */
		8450F5B322D8BA7800A15011 /* Frameworks */ = {
			isa = PBXFrameworksBuildPhase;
			buildActionMask = 2147483647;
			files = (
				C6D9DA279E74ACB968A85D98 /* Pods_GitHubUsers.framework in Frameworks */,
			);
			runOnlyForDeploymentPostprocessing = 0;
		};
/* End PBXFrameworksBuildPhase section */

/* Begin PBXGroup section */
		8450F5AD22D8BA7800A15011 = {
			isa = PBXGroup;
			children = (
				8450F5B822D8BA7800A15011 /* GitHubUsers */,
				8450F5B722D8BA7800A15011 /* Products */,
				8EA29A6FF0CC9D8E04893651 /* Pods */,
				988C1ADFE89327D6DE5049B6 /* Frameworks */,
			);
			sourceTree = "<group>";
		};
		8450F5B722D8BA7800A15011 /* Products */ = {
			isa = PBXGroup;
			children = (
				8450F5B622D8BA7800A15011 /* GitHubUsers.app */,
			);
			name = Products;
			sourceTree = "<group>";
		};
		8450F5B822D8BA7800A15011 /* GitHubUsers */ = {
			isa = PBXGroup;
			children = (
				8450F5EB22DA3DDD00A15011 /* Model */,
				8450F5EA22DA3DD400A15011 /* View */,
				8450F5E922DA3DBB00A15011 /* Controller */,
				8450F5EE22DA426E00A15011 /* Network */,
				8450F5B922D8BA7800A15011 /* AppDelegate.swift */,
				8450F5C022D8BA7A00A15011 /* Assets.xcassets */,
				8450F5C222D8BA7A00A15011 /* LaunchScreen.storyboard */,
				8450F5C522D8BA7A00A15011 /* Info.plist */,
			);
			path = GitHubUsers;
			sourceTree = "<group>";
		};
		8450F5E922DA3DBB00A15011 /* Controller */ = {
			isa = PBXGroup;
			children = (
				8450F5BB22D8BA7800A15011 /* ViewController.swift */,
			);
			path = Controller;
			sourceTree = "<group>";
		};
		8450F5EA22DA3DD400A15011 /* View */ = {
			isa = PBXGroup;
			children = (
				8450F5BD22D8BA7800A15011 /* Main.storyboard */,
				8450F5F122DA50CE00A15011 /* CollectionViewCell.swift */,
			);
			path = View;
			sourceTree = "<group>";
		};
		8450F5EB22DA3DDD00A15011 /* Model */ = {
			isa = PBXGroup;
			children = (
				8450F5EC22DA3E6400A15011 /* User.swift */,
			);
			path = Model;
			sourceTree = "<group>";
		};
		8450F5EE22DA426E00A15011 /* Network */ = {
			isa = PBXGroup;
			children = (
				8450F5EF22DA432E00A15011 /* NetworkManager.swift */,
			);
			path = Network;
			sourceTree = "<group>";
		};
		8EA29A6FF0CC9D8E04893651 /* Pods */ = {
			isa = PBXGroup;
			children = (
				A8A5841BCFAD6CDB401EC25C /* Pods-GitHubUsers.debug.xcconfig */,
				57EECAFF4D97ABD21A2A0758 /* Pods-GitHubUsers.release.xcconfig */,
			);
			name = Pods;
			sourceTree = "<group>";
		};
		988C1ADFE89327D6DE5049B6 /* Frameworks */ = {
			isa = PBXGroup;
			children = (
				773F8CBB2A2D1798CB89795F /* Pods_GitHubUsers.framework */,
			);
			name = Frameworks;
			sourceTree = "<group>";
		};
/* End PBXGroup section */

/* Begin PBXNativeTarget section */
		8450F5B522D8BA7800A15011 /* GitHubUsers */ = {
			isa = PBXNativeTarget;
			buildConfigurationList = 8450F5C822D8BA7A00A15011 /* Build configuration list for PBXNativeTarget "GitHubUsers" */;
			buildPhases = (
				581B307D03D546244141B644 /* [CP] Check Pods Manifest.lock */,
				8450F5B222D8BA7800A15011 /* Sources */,
				8450F5B322D8BA7800A15011 /* Frameworks */,
				8450F5B422D8BA7800A15011 /* Resources */,
				67906F9436E58049AE9074F3 /* [CP] Embed Pods Frameworks */,
			);
			buildRules = (
			);
			dependencies = (
			);
			name = GitHubUsers;
			productName = GitHubUsers;
			productReference = 8450F5B622D8BA7800A15011 /* GitHubUsers.app */;
			productType = "com.apple.product-type.application";
		};
/* End PBXNativeTarget section */

/* Begin PBXProject section */
		8450F5AE22D8BA7800A15011 /* Project object */ = {
			isa = PBXProject;
			attributes = {
				LastSwiftUpdateCheck = 1010;
				LastUpgradeCheck = 1010;
				ORGANIZATIONNAME = Lilia;
				TargetAttributes = {
					8450F5B522D8BA7800A15011 = {
						CreatedOnToolsVersion = 10.1;
					};
				};
			};
			buildConfigurationList = 8450F5B122D8BA7800A15011 /* Build configuration list for PBXProject "GitHubUsers" */;
			compatibilityVersion = "Xcode 9.3";
			developmentRegion = en;
			hasScannedForEncodings = 0;
			knownRegions = (
				en,
				Base,
			);
			mainGroup = 8450F5AD22D8BA7800A15011;
			productRefGroup = 8450F5B722D8BA7800A15011 /* Products */;
			projectDirPath = "";
			projectRoot = "";
			targets = (
				8450F5B522D8BA7800A15011 /* GitHubUsers */,
			);
		};
/* End PBXProject section */

/* Begin PBXResourcesBuildPhase section */
		8450F5B422D8BA7800A15011 /* Resources */ = {
			isa = PBXResourcesBuildPhase;
			buildActionMask = 2147483647;
			files = (
				8450F5C422D8BA7A00A15011 /* LaunchScreen.storyboard in Resources */,
				8450F5C122D8BA7A00A15011 /* Assets.xcassets in Resources */,
				8450F5BF22D8BA7800A15011 /* Main.storyboard in Resources */,
			);
			runOnlyForDeploymentPostprocessing = 0;
		};
/* End PBXResourcesBuildPhase section */

/* Begin PBXShellScriptBuildPhase section */
		581B307D03D546244141B644 /* [CP] Check Pods Manifest.lock */ = {
			isa = PBXShellScriptBuildPhase;
			buildActionMask = 2147483647;
			files = (
			);
			inputFileListPaths = (
			);
			inputPaths = (
				"${PODS_PODFILE_DIR_PATH}/Podfile.lock",
				"${PODS_ROOT}/Manifest.lock",
			);
			name = "[CP] Check Pods Manifest.lock";
			outputFileListPaths = (
			);
			outputPaths = (
				"$(DERIVED_FILE_DIR)/Pods-GitHubUsers-checkManifestLockResult.txt",
			);
			runOnlyForDeploymentPostprocessing = 0;
			shellPath = /bin/sh;
			shellScript = "diff \"${PODS_PODFILE_DIR_PATH}/Podfile.lock\" \"${PODS_ROOT}/Manifest.lock\" > /dev/null\nif [ $? != 0 ] ; then\n    # print error to STDERR\n    echo \"error: The sandbox is not in sync with the Podfile.lock. Run 'pod install' or update your CocoaPods installation.\" >&2\n    exit 1\nfi\n# This output is used by Xcode 'outputs' to avoid re-running this script phase.\necho \"SUCCESS\" > \"${SCRIPT_OUTPUT_FILE_0}\"\n";
			showEnvVarsInLog = 0;
		};
		67906F9436E58049AE9074F3 /* [CP] Embed Pods Frameworks */ = {
			isa = PBXShellScriptBuildPhase;
			buildActionMask = 2147483647;
			files = (
			);
			inputFileListPaths = (
			);
			inputPaths = (
				"${SRCROOT}/Pods/Target Support Files/Pods-GitHubUsers/Pods-GitHubUsers-frameworks.sh",
				"${BUILT_PRODUCTS_DIR}/Alamofire/Alamofire.framework",
				"${BUILT_PRODUCTS_DIR}/SDWebImage/SDWebImage.framework",
			);
			name = "[CP] Embed Pods Frameworks";
			outputFileListPaths = (
			);
			outputPaths = (
				"${TARGET_BUILD_DIR}/${FRAMEWORKS_FOLDER_PATH}/Alamofire.framework",
				"${TARGET_BUILD_DIR}/${FRAMEWORKS_FOLDER_PATH}/SDWebImage.framework",
			);
			runOnlyForDeploymentPostprocessing = 0;
			shellPath = /bin/sh;
			shellScript = "\"${SRCROOT}/Pods/Target Support Files/Pods-GitHubUsers/Pods-GitHubUsers-frameworks.sh\"\n";
			showEnvVarsInLog = 0;
		};
/* End PBXShellScriptBuildPhase section */

/* Begin PBXSourcesBuildPhase section */
		8450F5B222D8BA7800A15011 /* Sources */ = {
			isa = PBXSourcesBuildPhase;
			buildActionMask = 2147483647;
			files = (
				8450F5F222DA50CE00A15011 /* CollectionViewCell.swift in Sources */,
				8450F5F022DA432E00A15011 /* NetworkManager.swift in Sources */,
				8450F5BC22D8BA7800A15011 /* ViewController.swift in Sources */,
				8450F5BA22D8BA7800A15011 /* AppDelegate.swift in Sources */,
				8450F5ED22DA3E6400A15011 /* User.swift in Sources */,
			);
			runOnlyForDeploymentPostprocessing = 0;
		};
/* End PBXSourcesBuildPhase section */

/* Begin PBXVariantGroup section */
		8450F5BD22D8BA7800A15011 /* Main.storyboard */ = {
			isa = PBXVariantGroup;
			children = (
				8450F5BE22D8BA7800A15011 /* Base */,
			);
			name = Main.storyboard;
			sourceTree = "<group>";
		};
		8450F5C222D8BA7A00A15011 /* LaunchScreen.storyboard */ = {
			isa = PBXVariantGroup;
			children = (
				8450F5C322D8BA7A00A15011 /* Base */,
			);
			name = LaunchScreen.storyboard;
			sourceTree = "<group>";
		};
/* End PBXVariantGroup section */

/* Begin XCBuildConfiguration section */
		8450F5C622D8BA7A00A15011 /* Debug */ = {
			isa = XCBuildConfiguration;
			buildSettings = {
				ALWAYS_SEARCH_USER_PATHS = NO;
				CLANG_ANALYZER_NONNULL = YES;
				CLANG_ANALYZER_NUMBER_OBJECT_CONVERSION = YES_AGGRESSIVE;
				CLANG_CXX_LANGUAGE_STANDARD = "gnu++14";
				CLANG_CXX_LIBRARY = "libc++";
				CLANG_ENABLE_MODULES = YES;
				CLANG_ENABLE_OBJC_ARC = YES;
				CLANG_ENABLE_OBJC_WEAK = YES;
				CLANG_WARN_BLOCK_CAPTURE_AUTORELEASING = YES;
				CLANG_WARN_BOOL_CONVERSION = YES;
				CLANG_WARN_COMMA = YES;
				CLANG_WARN_CONSTANT_CONVERSION = YES;
				CLANG_WARN_DEPRECATED_OBJC_IMPLEMENTATIONS = YES;
				CLANG_WARN_DIRECT_OBJC_ISA_USAGE = YES_ERROR;
				CLANG_WARN_DOCUMENTATION_COMMENTS = YES;
				CLANG_WARN_EMPTY_BODY = YES;
				CLANG_WARN_ENUM_CONVERSION = YES;
				CLANG_WARN_INFINITE_RECURSION = YES;
				CLANG_WARN_INT_CONVERSION = YES;
				CLANG_WARN_NON_LITERAL_NULL_CONVERSION = YES;
				CLANG_WARN_OBJC_IMPLICIT_RETAIN_SELF = YES;
				CLANG_WARN_OBJC_LITERAL_CONVERSION = YES;
				CLANG_WARN_OBJC_ROOT_CLASS = YES_ERROR;
				CLANG_WARN_RANGE_LOOP_ANALYSIS = YES;
				CLANG_WARN_STRICT_PROTOTYPES = YES;
				CLANG_WARN_SUSPICIOUS_MOVE = YES;
				CLANG_WARN_UNGUARDED_AVAILABILITY = YES_AGGRESSIVE;
				CLANG_WARN_UNREACHABLE_CODE = YES;
				CLANG_WARN__DUPLICATE_METHOD_MATCH = YES;
				CODE_SIGN_IDENTITY = "iPhone Developer";
				COPY_PHASE_STRIP = NO;
				DEBUG_INFORMATION_FORMAT = dwarf;
				ENABLE_STRICT_OBJC_MSGSEND = YES;
				ENABLE_TESTABILITY = YES;
				GCC_C_LANGUAGE_STANDARD = gnu11;
				GCC_DYNAMIC_NO_PIC = NO;
				GCC_NO_COMMON_BLOCKS = YES;
				GCC_OPTIMIZATION_LEVEL = 0;
				GCC_PREPROCESSOR_DEFINITIONS = (
					"DEBUG=1",
					"$(inherited)",
				);
				GCC_WARN_64_TO_32_BIT_CONVERSION = YES;
				GCC_WARN_ABOUT_RETURN_TYPE = YES_ERROR;
				GCC_WARN_UNDECLARED_SELECTOR = YES;
				GCC_WARN_UNINITIALIZED_AUTOS = YES_AGGRESSIVE;
				GCC_WARN_UNUSED_FUNCTION = YES;
				GCC_WARN_UNUSED_VARIABLE = YES;
				IPHONEOS_DEPLOYMENT_TARGET = 12.1;
				MTL_ENABLE_DEBUG_INFO = INCLUDE_SOURCE;
				MTL_FAST_MATH = YES;
				ONLY_ACTIVE_ARCH = YES;
				SDKROOT = iphoneos;
				SWIFT_ACTIVE_COMPILATION_CONDITIONS = DEBUG;
				SWIFT_OPTIMIZATION_LEVEL = "-Onone";
			};
			name = Debug;
		};
		8450F5C722D8BA7A00A15011 /* Release */ = {
			isa = XCBuildConfiguration;
			buildSettings = {
				ALWAYS_SEARCH_USER_PATHS = NO;
				CLANG_ANALYZER_NONNULL = YES;
				CLANG_ANALYZER_NUMBER_OBJECT_CONVERSION = YES_AGGRESSIVE;
				CLANG_CXX_LANGUAGE_STANDARD = "gnu++14";
				CLANG_CXX_LIBRARY = "libc++";
				CLANG_ENABLE_MODULES = YES;
				CLANG_ENABLE_OBJC_ARC = YES;
				CLANG_ENABLE_OBJC_WEAK = YES;
				CLANG_WARN_BLOCK_CAPTURE_AUTORELEASING = YES;
				CLANG_WARN_BOOL_CONVERSION = YES;
				CLANG_WARN_COMMA = YES;
				CLANG_WARN_CONSTANT_CONVERSION = YES;
				CLANG_WARN_DEPRECATED_OBJC_IMPLEMENTATIONS = YES;
				CLANG_WARN_DIRECT_OBJC_ISA_USAGE = YES_ERROR;
				CLANG_WARN_DOCUMENTATION_COMMENTS = YES;
				CLANG_WARN_EMPTY_BODY = YES;
				CLANG_WARN_ENUM_CONVERSION = YES;
				CLANG_WARN_INFINITE_RECURSION = YES;
				CLANG_WARN_INT_CONVERSION = YES;
				CLANG_WARN_NON_LITERAL_NULL_CONVERSION = YES;
				CLANG_WARN_OBJC_IMPLICIT_RETAIN_SELF = YES;
				CLANG_WARN_OBJC_LITERAL_CONVERSION = YES;
				CLANG_WARN_OBJC_ROOT_CLASS = YES_ERROR;
				CLANG_WARN_RANGE_LOOP_ANALYSIS = YES;
				CLANG_WARN_STRICT_PROTOTYPES = YES;
				CLANG_WARN_SUSPICIOUS_MOVE = YES;
				CLANG_WARN_UNGUARDED_AVAILABILITY = YES_AGGRESSIVE;
				CLANG_WARN_UNREACHABLE_CODE = YES;
				CLANG_WARN__DUPLICATE_METHOD_MATCH = YES;
				CODE_SIGN_IDENTITY = "iPhone Developer";
				COPY_PHASE_STRIP = NO;
				DEBUG_INFORMATION_FORMAT = "dwarf-with-dsym";
				ENABLE_NS_ASSERTIONS = NO;
				ENABLE_STRICT_OBJC_MSGSEND = YES;
				GCC_C_LANGUAGE_STANDARD = gnu11;
				GCC_NO_COMMON_BLOCKS = YES;
				GCC_WARN_64_TO_32_BIT_CONVERSION = YES;
				GCC_WARN_ABOUT_RETURN_TYPE = YES_ERROR;
				GCC_WARN_UNDECLARED_SELECTOR = YES;
				GCC_WARN_UNINITIALIZED_AUTOS = YES_AGGRESSIVE;
				GCC_WARN_UNUSED_FUNCTION = YES;
				GCC_WARN_UNUSED_VARIABLE = YES;
				IPHONEOS_DEPLOYMENT_TARGET = 12.1;
				MTL_ENABLE_DEBUG_INFO = NO;
				MTL_FAST_MATH = YES;
				SDKROOT = iphoneos;
				SWIFT_COMPILATION_MODE = wholemodule;
				SWIFT_OPTIMIZATION_LEVEL = "-O";
				VALIDATE_PRODUCT = YES;
			};
			name = Release;
		};
		8450F5C922D8BA7A00A15011 /* Debug */ = {
			isa = XCBuildConfiguration;
			baseConfigurationReference = A8A5841BCFAD6CDB401EC25C /* Pods-GitHubUsers.debug.xcconfig */;
			buildSettings = {
				ASSETCATALOG_COMPILER_APPICON_NAME = AppIcon;
				CODE_SIGN_STYLE = Automatic;
				INFOPLIST_FILE = GitHubUsers/Info.plist;
				LD_RUNPATH_SEARCH_PATHS = (
					"$(inherited)",
					"@executable_path/Frameworks",
				);
				PRODUCT_BUNDLE_IDENTIFIER = com.GitHubUsers;
				PRODUCT_NAME = "$(TARGET_NAME)";
				SWIFT_VERSION = 4.2;
				TARGETED_DEVICE_FAMILY = "1,2";
			};
			name = Debug;
		};
		8450F5CA22D8BA7A00A15011 /* Release */ = {
			isa = XCBuildConfiguration;
			baseConfigurationReference = 57EECAFF4D97ABD21A2A0758 /* Pods-GitHubUsers.release.xcconfig */;
			buildSettings = {
				ASSETCATALOG_COMPILER_APPICON_NAME = AppIcon;
				CODE_SIGN_STYLE = Automatic;
				INFOPLIST_FILE = GitHubUsers/Info.plist;
				LD_RUNPATH_SEARCH_PATHS = (
					"$(inherited)",
					"@executable_path/Frameworks",
				);
				PRODUCT_BUNDLE_IDENTIFIER = com.GitHubUsers;
				PRODUCT_NAME = "$(TARGET_NAME)";
				SWIFT_VERSION = 4.2;
				TARGETED_DEVICE_FAMILY = "1,2";
			};
			name = Release;
		};
/* End XCBuildConfiguration section */

/* Begin XCConfigurationList section */
		8450F5B122D8BA7800A15011 /* Build configuration list for PBXProject "GitHubUsers" */ = {
			isa = XCConfigurationList;
			buildConfigurations = (
				8450F5C622D8BA7A00A15011 /* Debug */,
				8450F5C722D8BA7A00A15011 /* Release */,
			);
			defaultConfigurationIsVisible = 0;
			defaultConfigurationName = Release;
		};
		8450F5C822D8BA7A00A15011 /* Build configuration list for PBXNativeTarget "GitHubUsers" */ = {
			isa = XCConfigurationList;
			buildConfigurations = (
				8450F5C922D8BA7A00A15011 /* Debug */,
				8450F5CA22D8BA7A00A15011 /* Release */,
			);
			defaultConfigurationIsVisible = 0;
			defaultConfigurationName = Release;
		};
/* End XCConfigurationList section */
	};
	rootObject = 8450F5AE22D8BA7800A15011 /* Project object */;
}
